
Microsoft Visual Studio Solution File, Format Version 12.00
# Visual Studio 15
VisualStudioVersion = 15.0.27428.2037
MinimumVisualStudioVersion = 10.0.40219.1
Project("{FAE04EC0-301F-11D3-BF4B-00C04F79EFBC}") = "RefuelService.App", "RefuelService.App\RefuelService.App.csproj", "{777D79CF-BB2F-43A6-95B7-A483B57052BD}"
EndProject
Project("{FAE04EC0-301F-11D3-BF4B-00C04F79EFBC}") = "RefuelService.Core", "RefuelService.Core\RefuelService.Core.csproj", "{B4412B4C-048B-42D3-92CE-16ECC4EF4A7F}"
EndProject
Project("{FAE04EC0-301F-11D3-BF4B-00C04F79EFBC}") = "RefuelService.Infrastructure", "RefuelService.Infrastructure\RefuelService.Infrastructure.csproj", "{3FC898CB-69A3-4912-8301-3B86D902DCDA}"
EndProject
Project("{2150E333-8FDC-42A3-9474-1A3956D46DE8}") = "Solution Items", "Solution Items", "{74596B23-1D71-40AA-8EEE-FC9E00F1C48B}"
	ProjectSection(SolutionItems) = preProject
		.gitignore = .gitignore
	EndProjectSection
EndProject
Global
	GlobalSection(SolutionConfigurationPlatforms) = preSolution
		Debug|Any CPU = Debug|Any CPU
		Release|Any CPU = Release|Any CPU
	EndGlobalSection
	GlobalSection(ProjectConfigurationPlatforms) = postSolution
		{777D79CF-BB2F-43A6-95B7-A483B57052BD}.Debug|Any CPU.ActiveCfg = Debug|Any CPU
		{777D79CF-BB2F-43A6-95B7-A483B57052BD}.Debug|Any CPU.Build.0 = Debug|Any CPU
		{777D79CF-BB2F-43A6-95B7-A483B57052BD}.Release|Any CPU.ActiveCfg = Release|Any CPU
		{777D79CF-BB2F-43A6-95B7-A483B57052BD}.Release|Any CPU.Build.0 = Release|Any CPU
		{B4412B4C-048B-42D3-92CE-16ECC4EF4A7F}.Debug|Any CPU.ActiveCfg = Debug|Any CPU
		{B4412B4C-048B-42D3-92CE-16ECC4EF4A7F}.Debug|Any CPU.Build.0 = Debug|Any CPU
		{B4412B4C-048B-42D3-92CE-16ECC4EF4A7F}.Release|Any CPU.ActiveCfg = Release|Any CPU
		{B4412B4C-048B-42D3-92CE-16ECC4EF4A7F}.Release|Any CPU.Build.0 = Release|Any CPU
		{3FC898CB-69A3-4912-8301-3B86D902DCDA}.Debug|Any CPU.ActiveCfg = Debug|Any CPU
		{3FC898CB-69A3-4912-8301-3B86D902DCDA}.Debug|Any CPU.Build.0 = Debug|Any CPU
		{3FC898CB-69A3-4912-8301-3B86D902DCDA}.Release|Any CPU.ActiveCfg = Release|Any CPU
		{3FC898CB-69A3-4912-8301-3B86D902DCDA}.Release|Any CPU.Build.0 = Release|Any CPU
	EndGlobalSection
	GlobalSection(SolutionProperties) = preSolution
		HideSolutionNode = FALSE
	EndGlobalSection
	GlobalSection(ExtensibilityGlobals) = postSolution
		SolutionGuid = {3F985C1A-8C32-45F3-ABDB-63FAAEBE03E5}
	EndGlobalSection
EndGlobal
