
Microsoft Visual Studio Solution File, Format Version 12.00
# Visual Studio 15
VisualStudioVersion = 15.0.27130.2036
MinimumVisualStudioVersion = 10.0.40219.1
Project("{9A19103F-16F7-4668-BE54-9A1E7A4F7556}") = "RefuelService.App", "RefuelService.App\RefuelService.App.csproj", "{777D79CF-BB2F-43A6-95B7-A483B57052BD}"
EndProject
Project("{9A19103F-16F7-4668-BE54-9A1E7A4F7556}") = "RefuelService.Core", "RefuelService.Core\RefuelService.Core.csproj", "{B4412B4C-048B-42D3-92CE-16ECC4EF4A7F}"
EndProject
Project("{9A19103F-16F7-4668-BE54-9A1E7A4F7556}") = "RefuelService.Infrastructure", "RefuelService.Infrastructure\RefuelService.Infrastructure.csproj", "{3FC898CB-69A3-4912-8301-3B86D902DCDA}"
EndProject
Global
	GlobalSection(SolutionConfigurationPlatforms) = preSolution
		Debug|Any CPU = Debug|Any CPU
		Release|Any CPU = Release|Any CPU
	EndGlobalSection
	GlobalSection(ProjectConfigurationPlatforms) = postSolution
		{777D79CF-BB2F-43A6-95B7-A483B57052BD}.Debug|Any CPU.ActiveCfg = Debug|Any CPU
		{777D79CF-BB2F-43A6-95B7-A483B57052BD}.Debug|Any CPU.Build.0 = Debug|Any CPU
		{777D79CF-BB2F-43A6-95B7-A483B57052BD}.Release|Any CPU.ActiveCfg = Release|Any CPU
		{777D79CF-BB2F-43A6-95B7-A483B57052BD}.Release|Any CPU.Build.0 = Release|Any CPU
		{B4412B4C-048B-42D3-92CE-16ECC4EF4A7F}.Debug|Any CPU.ActiveCfg = Debug|Any CPU
		{B4412B4C-048B-42D3-92CE-16ECC4EF4A7F}.Debug|Any CPU.Build.0 = Debug|Any CPU
		{B4412B4C-048B-42D3-92CE-16ECC4EF4A7F}.Release|Any CPU.ActiveCfg = Release|Any CPU
		{B4412B4C-048B-42D3-92CE-16ECC4EF4A7F}.Release|Any CPU.Build.0 = Release|Any CPU
		{3FC898CB-69A3-4912-8301-3B86D902DCDA}.Debug|Any CPU.ActiveCfg = Debug|Any CPU
		{3FC898CB-69A3-4912-8301-3B86D902DCDA}.Debug|Any CPU.Build.0 = Debug|Any CPU
		{3FC898CB-69A3-4912-8301-3B86D902DCDA}.Release|Any CPU.ActiveCfg = Release|Any CPU
		{3FC898CB-69A3-4912-8301-3B86D902DCDA}.Release|Any CPU.Build.0 = Release|Any CPU
	EndGlobalSection
	GlobalSection(SolutionProperties) = preSolution
		HideSolutionNode = FALSE
	EndGlobalSection
	GlobalSection(ExtensibilityGlobals) = postSolution
		SolutionGuid = {3F985C1A-8C32-45F3-ABDB-63FAAEBE03E5}
	EndGlobalSection
EndGlobal
